
Microsoft Visual Studio Solution File, Format Version 12.00
# Visual Studio 15
VisualStudioVersion = 15.0.27703.2035
MinimumVisualStudioVersion = 10.0.40219.1
Project("{FAE04EC0-301F-11D3-BF4B-00C04F79EFBC}") = "TourStore.WebUI", "TourStore.WebUI\TourStore.WebUI.csproj", "{CAFEF1F8-B997-4698-B49A-DFA3F286E41F}"
EndProject
Global
	GlobalSection(SolutionConfigurationPlatforms) = preSolution
		Debug|Any CPU = Debug|Any CPU
		Release|Any CPU = Release|Any CPU
	EndGlobalSection
	GlobalSection(ProjectConfigurationPlatforms) = postSolution
		{CAFEF1F8-B997-4698-B49A-DFA3F286E41F}.Debug|Any CPU.ActiveCfg = Debug|Any CPU
		{CAFEF1F8-B997-4698-B49A-DFA3F286E41F}.Debug|Any CPU.Build.0 = Debug|Any CPU
		{CAFEF1F8-B997-4698-B49A-DFA3F286E41F}.Release|Any CPU.ActiveCfg = Release|Any CPU
		{CAFEF1F8-B997-4698-B49A-DFA3F286E41F}.Release|Any CPU.Build.0 = Release|Any CPU
	EndGlobalSection
	GlobalSection(SolutionProperties) = preSolution
		HideSolutionNode = FALSE
	EndGlobalSection
	GlobalSection(ExtensibilityGlobals) = postSolution
		SolutionGuid = {B2F07802-551D-4310-9493-A78916DD9923}
	EndGlobalSection
EndGlobal
